
Microsoft Visual Studio Solution File, Format Version 12.00
# Visual Studio 15
VisualStudioVersion = 15.0.26124.0
MinimumVisualStudioVersion = 15.0.26124.0
Project("{FAE04EC0-301F-11D3-BF4B-00C04F79EFBC}") = "R5T.Jutland.Standard.Construction", "R5T.Jutland.Standard.Construction\R5T.Jutland.Standard.Construction.csproj", "{E1D044AA-B228-4121-8A9B-649CE6CECC2D}"
EndProject
Project("{FAE04EC0-301F-11D3-BF4B-00C04F79EFBC}") = "R5T.Jutland.Standard", "R5T.Jutland.Standard\R5T.Jutland.Standard.csproj", "{15EDAD57-AC79-48CF-B2E0-8D269C017F8F}"
EndProject
Project("{FAE04EC0-301F-11D3-BF4B-00C04F79EFBC}") = "R5T.Jutland.Standard.Testing", "R5T.Jutland.Standard.Testing\R5T.Jutland.Standard.Testing.csproj", "{D4605E76-027F-417C-91C7-0411C636DFC8}"
EndProject
Global
	GlobalSection(SolutionConfigurationPlatforms) = preSolution
		Debug|Any CPU = Debug|Any CPU
		Debug|x64 = Debug|x64
		Debug|x86 = Debug|x86
		Release|Any CPU = Release|Any CPU
		Release|x64 = Release|x64
		Release|x86 = Release|x86
	EndGlobalSection
	GlobalSection(SolutionProperties) = preSolution
		HideSolutionNode = FALSE
	EndGlobalSection
	GlobalSection(ProjectConfigurationPlatforms) = postSolution
		{E1D044AA-B228-4121-8A9B-649CE6CECC2D}.Debug|Any CPU.ActiveCfg = Debug|Any CPU
		{E1D044AA-B228-4121-8A9B-649CE6CECC2D}.Debug|Any CPU.Build.0 = Debug|Any CPU
		{E1D044AA-B228-4121-8A9B-649CE6CECC2D}.Debug|x64.ActiveCfg = Debug|Any CPU
		{E1D044AA-B228-4121-8A9B-649CE6CECC2D}.Debug|x64.Build.0 = Debug|Any CPU
		{E1D044AA-B228-4121-8A9B-649CE6CECC2D}.Debug|x86.ActiveCfg = Debug|Any CPU
		{E1D044AA-B228-4121-8A9B-649CE6CECC2D}.Debug|x86.Build.0 = Debug|Any CPU
		{E1D044AA-B228-4121-8A9B-649CE6CECC2D}.Release|Any CPU.ActiveCfg = Release|Any CPU
		{E1D044AA-B228-4121-8A9B-649CE6CECC2D}.Release|Any CPU.Build.0 = Release|Any CPU
		{E1D044AA-B228-4121-8A9B-649CE6CECC2D}.Release|x64.ActiveCfg = Release|Any CPU
		{E1D044AA-B228-4121-8A9B-649CE6CECC2D}.Release|x64.Build.0 = Release|Any CPU
		{E1D044AA-B228-4121-8A9B-649CE6CECC2D}.Release|x86.ActiveCfg = Release|Any CPU
		{E1D044AA-B228-4121-8A9B-649CE6CECC2D}.Release|x86.Build.0 = Release|Any CPU
		{15EDAD57-AC79-48CF-B2E0-8D269C017F8F}.Debug|Any CPU.ActiveCfg = Debug|Any CPU
		{15EDAD57-AC79-48CF-B2E0-8D269C017F8F}.Debug|Any CPU.Build.0 = Debug|Any CPU
		{15EDAD57-AC79-48CF-B2E0-8D269C017F8F}.Debug|x64.ActiveCfg = Debug|Any CPU
		{15EDAD57-AC79-48CF-B2E0-8D269C017F8F}.Debug|x64.Build.0 = Debug|Any CPU
		{15EDAD57-AC79-48CF-B2E0-8D269C017F8F}.Debug|x86.ActiveCfg = Debug|Any CPU
		{15EDAD57-AC79-48CF-B2E0-8D269C017F8F}.Debug|x86.Build.0 = Debug|Any CPU
		{15EDAD57-AC79-48CF-B2E0-8D269C017F8F}.Release|Any CPU.ActiveCfg = Release|Any CPU
		{15EDAD57-AC79-48CF-B2E0-8D269C017F8F}.Release|Any CPU.Build.0 = Release|Any CPU
		{15EDAD57-AC79-48CF-B2E0-8D269C017F8F}.Release|x64.ActiveCfg = Release|Any CPU
		{15EDAD57-AC79-48CF-B2E0-8D269C017F8F}.Release|x64.Build.0 = Release|Any CPU
		{15EDAD57-AC79-48CF-B2E0-8D269C017F8F}.Release|x86.ActiveCfg = Release|Any CPU
		{15EDAD57-AC79-48CF-B2E0-8D269C017F8F}.Release|x86.Build.0 = Release|Any CPU
		{D4605E76-027F-417C-91C7-0411C636DFC8}.Debug|Any CPU.ActiveCfg = Debug|Any CPU
		{D4605E76-027F-417C-91C7-0411C636DFC8}.Debug|Any CPU.Build.0 = Debug|Any CPU
		{D4605E76-027F-417C-91C7-0411C636DFC8}.Debug|x64.ActiveCfg = Debug|Any CPU
		{D4605E76-027F-417C-91C7-0411C636DFC8}.Debug|x64.Build.0 = Debug|Any CPU
		{D4605E76-027F-417C-91C7-0411C636DFC8}.Debug|x86.ActiveCfg = Debug|Any CPU
		{D4605E76-027F-417C-91C7-0411C636DFC8}.Debug|x86.Build.0 = Debug|Any CPU
		{D4605E76-027F-417C-91C7-0411C636DFC8}.Release|Any CPU.ActiveCfg = Release|Any CPU
		{D4605E76-027F-417C-91C7-0411C636DFC8}.Release|Any CPU.Build.0 = Release|Any CPU
		{D4605E76-027F-417C-91C7-0411C636DFC8}.Release|x64.ActiveCfg = Release|Any CPU
		{D4605E76-027F-417C-91C7-0411C636DFC8}.Release|x64.Build.0 = Release|Any CPU
		{D4605E76-027F-417C-91C7-0411C636DFC8}.Release|x86.ActiveCfg = Release|Any CPU
		{D4605E76-027F-417C-91C7-0411C636DFC8}.Release|x86.Build.0 = Release|Any CPU
	EndGlobalSection
EndGlobal
