
Microsoft Visual Studio Solution File, Format Version 12.00
# Visual Studio Version 16
VisualStudioVersion = 16.0.30114.105
MinimumVisualStudioVersion = 10.0.40219.1
Project("{FAE04EC0-301F-11D3-BF4B-00C04F79EFBC}") = "R5T.Jutland.Standard", "R5T.Jutland.Standard\R5T.Jutland.Standard.csproj", "{25AD316B-813F-45A8-8E91-13038F268AF6}"
EndProject
Project("{FAE04EC0-301F-11D3-BF4B-00C04F79EFBC}") = "R5T.Jutland.Standard.Construction", "R5T.Jutland.Standard.Construction\R5T.Jutland.Standard.Construction.csproj", "{B26021B0-3649-4BB4-B5DE-D4B4F12B619D}"
EndProject
Project("{FAE04EC0-301F-11D3-BF4B-00C04F79EFBC}") = "R5T.Jutland.Standard.Testing", "R5T.Jutland.Standard.Testing\R5T.Jutland.Standard.Testing.csproj", "{235C83AD-1783-47F2-9D67-90F7AAD72DC9}"
EndProject
Global
	GlobalSection(SolutionConfigurationPlatforms) = preSolution
		Debug|Any CPU = Debug|Any CPU
		Debug|x64 = Debug|x64
		Debug|x86 = Debug|x86
		Release|Any CPU = Release|Any CPU
		Release|x64 = Release|x64
		Release|x86 = Release|x86
	EndGlobalSection
	GlobalSection(SolutionProperties) = preSolution
		HideSolutionNode = FALSE
	EndGlobalSection
	GlobalSection(ProjectConfigurationPlatforms) = postSolution
		{25AD316B-813F-45A8-8E91-13038F268AF6}.Debug|Any CPU.ActiveCfg = Debug|Any CPU
		{25AD316B-813F-45A8-8E91-13038F268AF6}.Debug|Any CPU.Build.0 = Debug|Any CPU
		{25AD316B-813F-45A8-8E91-13038F268AF6}.Debug|x64.ActiveCfg = Debug|Any CPU
		{25AD316B-813F-45A8-8E91-13038F268AF6}.Debug|x64.Build.0 = Debug|Any CPU
		{25AD316B-813F-45A8-8E91-13038F268AF6}.Debug|x86.ActiveCfg = Debug|Any CPU
		{25AD316B-813F-45A8-8E91-13038F268AF6}.Debug|x86.Build.0 = Debug|Any CPU
		{25AD316B-813F-45A8-8E91-13038F268AF6}.Release|Any CPU.ActiveCfg = Release|Any CPU
		{25AD316B-813F-45A8-8E91-13038F268AF6}.Release|Any CPU.Build.0 = Release|Any CPU
		{25AD316B-813F-45A8-8E91-13038F268AF6}.Release|x64.ActiveCfg = Release|Any CPU
		{25AD316B-813F-45A8-8E91-13038F268AF6}.Release|x64.Build.0 = Release|Any CPU
		{25AD316B-813F-45A8-8E91-13038F268AF6}.Release|x86.ActiveCfg = Release|Any CPU
		{25AD316B-813F-45A8-8E91-13038F268AF6}.Release|x86.Build.0 = Release|Any CPU
		{B26021B0-3649-4BB4-B5DE-D4B4F12B619D}.Debug|Any CPU.ActiveCfg = Debug|Any CPU
		{B26021B0-3649-4BB4-B5DE-D4B4F12B619D}.Debug|Any CPU.Build.0 = Debug|Any CPU
		{B26021B0-3649-4BB4-B5DE-D4B4F12B619D}.Debug|x64.ActiveCfg = Debug|Any CPU
		{B26021B0-3649-4BB4-B5DE-D4B4F12B619D}.Debug|x64.Build.0 = Debug|Any CPU
		{B26021B0-3649-4BB4-B5DE-D4B4F12B619D}.Debug|x86.ActiveCfg = Debug|Any CPU
		{B26021B0-3649-4BB4-B5DE-D4B4F12B619D}.Debug|x86.Build.0 = Debug|Any CPU
		{B26021B0-3649-4BB4-B5DE-D4B4F12B619D}.Release|Any CPU.ActiveCfg = Release|Any CPU
		{B26021B0-3649-4BB4-B5DE-D4B4F12B619D}.Release|Any CPU.Build.0 = Release|Any CPU
		{B26021B0-3649-4BB4-B5DE-D4B4F12B619D}.Release|x64.ActiveCfg = Release|Any CPU
		{B26021B0-3649-4BB4-B5DE-D4B4F12B619D}.Release|x64.Build.0 = Release|Any CPU
		{B26021B0-3649-4BB4-B5DE-D4B4F12B619D}.Release|x86.ActiveCfg = Release|Any CPU
		{B26021B0-3649-4BB4-B5DE-D4B4F12B619D}.Release|x86.Build.0 = Release|Any CPU
		{235C83AD-1783-47F2-9D67-90F7AAD72DC9}.Debug|Any CPU.ActiveCfg = Debug|Any CPU
		{235C83AD-1783-47F2-9D67-90F7AAD72DC9}.Debug|Any CPU.Build.0 = Debug|Any CPU
		{235C83AD-1783-47F2-9D67-90F7AAD72DC9}.Debug|x64.ActiveCfg = Debug|Any CPU
		{235C83AD-1783-47F2-9D67-90F7AAD72DC9}.Debug|x64.Build.0 = Debug|Any CPU
		{235C83AD-1783-47F2-9D67-90F7AAD72DC9}.Debug|x86.ActiveCfg = Debug|Any CPU
		{235C83AD-1783-47F2-9D67-90F7AAD72DC9}.Debug|x86.Build.0 = Debug|Any CPU
		{235C83AD-1783-47F2-9D67-90F7AAD72DC9}.Release|Any CPU.ActiveCfg = Release|Any CPU
		{235C83AD-1783-47F2-9D67-90F7AAD72DC9}.Release|Any CPU.Build.0 = Release|Any CPU
		{235C83AD-1783-47F2-9D67-90F7AAD72DC9}.Release|x64.ActiveCfg = Release|Any CPU
		{235C83AD-1783-47F2-9D67-90F7AAD72DC9}.Release|x64.Build.0 = Release|Any CPU
		{235C83AD-1783-47F2-9D67-90F7AAD72DC9}.Release|x86.ActiveCfg = Release|Any CPU
		{235C83AD-1783-47F2-9D67-90F7AAD72DC9}.Release|x86.Build.0 = Release|Any CPU
	EndGlobalSection
EndGlobal
